{
  "name": "url-query-repeat-audit",
  "version": "1.0.0",
  "lockfileVersion": 3,
  "requires": true,
  "packages": {
    "": {
      "name": "url-query-repeat-audit",
      "version": "1.0.0",
      "license": "MIT",
      "bin": {
        "url-query-repeat-audit": "src/cli.js"
      },
      "engines": {
        "node": ">=20"
      }
    }
  }
}
